{
  "lockfileVersion": 1,
  "workspaces": {
    "": {
      "name": "zenn-book",
      "dependencies": {
        "zenn-cli": "^0.2.0",
      },
    },
  },
  "packages": {
    "zenn-cli": ["zenn-cli@0.2.3", "", { "bin": { "zenn": "dist/server/zenn.js" } }, "sha512-ghYpg2foOeFExvtWKDFSjCsq+utYf84jApw37Wli1MnSAE1la40GZ47kXQDQKeh/1LV2AT0LDMYWbmE64Z4ZSg=="],
  }
}
