{
  "lockfileVersion": 1,
  "configVersion": 0,
  "workspaces": {
    "": {
      "name": "zenn-book",
      "dependencies": {
        "zenn-cli": "^0.5.0",
      },
    },
  },
  "packages": {
    "@ai-sdk/fireworks": ["@ai-sdk/fireworks@3.0.47", "", { "dependencies": { "@ai-sdk/openai-compatible": "3.0.44", "@ai-sdk/provider": "4.0.10", "@ai-sdk/provider-utils": "5.0.36" }, "peerDependencies": { "zod": "^3.25.76 || ^4.1.8" } }, "sha512-JRCoKAi6/XEDtyTKBrew2oWekdFglnDjRvFtPfcHTPPwDq1hjiWgki+j66HNUJXqqA/J7W1XRQ1mYn0Yb49f7w=="],

    "@ai-sdk/gateway": ["@ai-sdk/gateway@4.0.75", "", { "dependencies": { "@ai-sdk/provider": "4.0.10", "@ai-sdk/provider-utils": "5.0.36", "@vercel/oidc": "3.2.0" }, "peerDependencies": { "zod": "^3.25.76 || ^4.1.8" } }, "sha512-HOnhw3oXtBnboBF7kAKipjToCN6+5w6EuukiUKiULcxBitS+vbHRRv9IUBcq+Z1wkXcJjfywKrt5r++I6OYyXg=="],

    "@ai-sdk/openai": ["@ai-sdk/openai@4.0.60", "", { "dependencies": { "@ai-sdk/provider": "4.0.10", "@ai-sdk/provider-utils": "5.0.36" }, "peerDependencies": { "zod": "^3.25.76 || ^4.1.8" } }, "sha512-Wx8bRN/zD+jDujT7HDbU1tC66h0a5kNEMG1DDrILfUgil56IJ9JMeBrzGqDw56IspmcXFG6uRpRnuK8AEQeKgg=="],

    "@ai-sdk/openai-compatible": ["@ai-sdk/openai-compatible@3.0.44", "", { "dependencies": { "@ai-sdk/provider": "4.0.10", "@ai-sdk/provider-utils": "5.0.36" }, "peerDependencies": { "zod": "^3.25.76 || ^4.1.8" } }, "sha512-pK7mERd/aIJVtyQCe/nV3G3iEJCY1no8GHDOGbgpNC+petjSfsxj+ni0Q8WVVehTUiY9B04F3Xvir+icBgORCg=="],

    "@ai-sdk/provider": ["@ai-sdk/provider@4.0.10", "", { "dependencies": { "json-schema": "^0.4.0" } }, "sha512-fX2ENAc7iDpZ+Wp4+Rk06Usn/Ys7dI9uAkGv0jlF6XVrW13NkRWx5Ou+U6lIM2E1fTLkCs16GGrUAaVvroag7A=="],

    "@ai-sdk/provider-utils": ["@ai-sdk/provider-utils@5.0.36", "", { "dependencies": { "@ai-sdk/provider": "4.0.10", "@standard-schema/spec": "^1.1.0", "@workflow/serde": "4.1.0", "eventsource-parser": "^3.0.8", "undici": "^7.29.0" }, "peerDependencies": { "zod": "^3.25.76 || ^4.1.8" } }, "sha512-MFXBn6XDyf37PNQAge/HTatPJE8Vmg/g/w4WPtjSV53jq8FKAzoaN5+43hsdQa9bqgN+/13jxug9ChvsG+godQ=="],

    "@azu/format-text": ["@azu/format-text@1.0.2", "", {}, "sha512-Swi4N7Edy1Eqq82GxgEECXSSLyn6GOb5htRFPzBDdUkECGXtlf12ynO5oJSpWKPwCaUssOu7NfhDcCWpIC6Ywg=="],

    "@azu/style-format": ["@azu/style-format@1.0.1", "", { "dependencies": { "@azu/format-text": "^1.0.1" } }, "sha512-AHcTojlNBdD/3/KxIKlg8sxIWHfOtQszLvOpagLTO+bjC3u7SAszu1lf//u7JJC50aUSH+BVWDD/KvaA6Gfn5g=="],

    "@secretlint/config-loader": ["@secretlint/config-loader@11.7.1", "", { "dependencies": { "@secretlint/profiler": "11.7.1", "@secretlint/resolver": "11.7.1", "@secretlint/types": "11.7.1", "ajv": "^8.18.0", "debug": "^4.4.3", "rc-config-loader": "^4.1.4" } }, "sha512-XExWOV82/nbuo9N+m6G9by4n2mnts3Z1k2i499pIJ0+VaASbA06u1fQFErMGYrobeUpSTC5i077Ee7G2lJhFiw=="],

    "@secretlint/core": ["@secretlint/core@11.7.1", "", { "dependencies": { "@secretlint/profiler": "11.7.1", "@secretlint/types": "11.7.1", "debug": "^4.4.3", "structured-source": "^4.0.0" } }, "sha512-D1a/6U3JT2hhs+OpocAf1j+2t79ExrFqNm8j7pilhCQqpJ9QIEexGs1ty3v9wDACm48v0PFhCNCyn4hyctGYig=="],

    "@secretlint/formatter": ["@secretlint/formatter@11.7.1", "", { "dependencies": { "@secretlint/resolver": "11.7.1", "@secretlint/types": "11.7.1", "@textlint/linter-formatter": "^15.5.4", "@textlint/module-interop": "^15.5.4", "@textlint/types": "^15.5.4", "chalk": "^5.6.2", "debug": "^4.4.3", "pluralize": "^8.0.0", "strip-ansi": "^7.2.0", "table": "^6.9.0", "terminal-link": "^4.0.0" } }, "sha512-x/9yd8DzUOgJlURhXH9Z0aIOmCn1XNvHxQPhlufPKFg9MWeDTysGGqUwEn1TBIlOvkeB38y2nJkrCkK/u2y7dg=="],

    "@secretlint/node": ["@secretlint/node@11.7.1", "", { "dependencies": { "@secretlint/config-loader": "11.7.1", "@secretlint/core": "11.7.1", "@secretlint/formatter": "11.7.1", "@secretlint/profiler": "11.7.1", "@secretlint/source-creator": "11.7.1", "@secretlint/types": "11.7.1", "debug": "^4.4.3", "p-map": "^7.0.4" } }, "sha512-spzkxcE+MjgO6cGir2AoLHyuCmOBufJLq/rHwUDmi/AOCPITGbCRvow+cBC5O9uWQcGOxDq/DgIsbgIlnooTVA=="],

    "@secretlint/profiler": ["@secretlint/profiler@11.7.1", "", {}, "sha512-Fa1fCVT4izv8PRXL8t4KB6FwBEL2OYqOYtNsyssWd7giNoNcohCoLGnDhJNLcTxTyTqkDzLlGV0M4CYsCkcfZQ=="],

    "@secretlint/resolver": ["@secretlint/resolver@11.7.1", "", {}, "sha512-TShFKvFDqJalqM4r/NHrpdbd512odIOLZit01r65Szs5vdRq/W38B1QF0hwh0ZJq9wLOOpkTuVWkff0S4LFwZQ=="],

    "@secretlint/secretlint-rule-preset-recommend": ["@secretlint/secretlint-rule-preset-recommend@11.7.1", "", {}, "sha512-LsiEhDWoXi9GNx1Zp5eYRNajeUvBrZ82h3k/vzFqo0WoSdmpyDnkkzBTLXqWqj1VNyPCcTwlxOqnEmlz6lXc7A=="],

    "@secretlint/source-creator": ["@secretlint/source-creator@11.7.1", "", { "dependencies": { "@secretlint/types": "11.7.1", "istextorbinary": "^9.5.0" } }, "sha512-y7SS9VXbUJgVn0qT1KvaDsB0asLa+vsg55W6WLX4DStgkB1IrnUdwAtelZizDjeToLtjRhRRroCs8y6FFIpf3g=="],

    "@secretlint/types": ["@secretlint/types@11.7.1", "", {}, "sha512-bIkBwIdQScZX5xm3DsLp3oL5U/KKUYWgmst39dZsDi55X9tKuPd7/uVpO1PqNrDW1I0QD5t6es/2LonG5RjxXg=="],

    "@standard-schema/spec": ["@standard-schema/spec@1.1.0", "", {}, "sha512-l2aFy5jALhniG5HgqrD6jXLi/rUWrKvqN/qJx6yoJsgKhblVd+iqqU4RCXavm/jPityDo5TCvKMnpjKnOriy0w=="],

    "@textlint/ast-node-types": ["@textlint/ast-node-types@15.8.0", "", {}, "sha512-5CiH9COYmovWmExQgs7763DzX6Gy9zjkjJ7JxCC95wyTcjwQn/8poNF6fv3qzRlmx8CRRde8DHr9FcgAAiPzgw=="],

    "@textlint/linter-formatter": ["@textlint/linter-formatter@15.8.0", "", { "dependencies": { "@azu/format-text": "^1.0.2", "@azu/style-format": "^1.0.1", "@textlint/module-interop": "15.8.0", "@textlint/resolver": "15.8.0", "@textlint/types": "15.8.0", "debug": "^4.4.3", "js-yaml": "^4.3.0", "lodash": "^4.18.1", "pluralize": "^2.0.0", "string-width": "^4.2.3", "strip-ansi": "^6.0.1", "table": "^6.9.0", "text-table": "^0.2.0" } }, "sha512-+oU3A235NATv6Lzi4xa4kJ65PuNJlIxesaO4AvDhDWA9FWm7y4XKWaoQCW1esgaQQ6dwnUiFKArQ8TcJ86mC4w=="],

    "@textlint/module-interop": ["@textlint/module-interop@15.8.0", "", {}, "sha512-rt+OR1WYGoLOY8HkA/aBPrqufF6yUUEsKEAh7XohTsT3lp9IyZFT6zOIbjul9P4FAzsmSPkcrYjVx3Bz/IUfkg=="],

    "@textlint/resolver": ["@textlint/resolver@15.8.0", "", {}, "sha512-E88tzfX3K8Jykk+38aJ9cy8RquD8ABVOPTO2rFEESq0wcg8x6/ypdAS8ZgR7OKiGqlRF0hkO/m5PbQwVfKM3VA=="],

    "@textlint/types": ["@textlint/types@15.8.0", "", { "dependencies": { "@textlint/ast-node-types": "15.8.0" } }, "sha512-Anhc6y5736YIsvqae0U6k0YmB2M/QVHkEeOv2aydAn/WIkdI69dCOiDbe3/+RagS3qstFTSFWJzNRA2lUjv19w=="],

    "@vercel/oidc": ["@vercel/oidc@3.2.0", "", {}, "sha512-UycprH3T6n3jH0k44NHMa7pnFHGu/N05MjojYr+Mc6I7obkoLIJujSWwin1pCvdy/eOxrI/l3uDLQsmcrOb4ug=="],

    "@workflow/serde": ["@workflow/serde@4.1.0", "", {}, "sha512-pav4F2BoirECWR7Nf1TKt+2eETcBj7jj4cBefQ8VXQCA6NPkaKeLfj/zMgi+3zYV5ZIBT4GuUiphsj0/b9hPQQ=="],

    "ai": ["ai@7.0.93", "", { "dependencies": { "@ai-sdk/gateway": "4.0.75", "@ai-sdk/provider": "4.0.10", "@ai-sdk/provider-utils": "5.0.36" }, "peerDependencies": { "zod": "^3.25.76 || ^4.1.8" } }, "sha512-CJss6zb9mlltk/mCr8qom20NBnqEQxVawkqwtT62tCwsxilZpXfHNRMRwcS3XRpzdP1kEluVuDBUayYWEEd95g=="],

    "ajv": ["ajv@8.20.0", "", { "dependencies": { "fast-deep-equal": "^3.1.3", "fast-uri": "^3.0.1", "json-schema-traverse": "^1.0.0", "require-from-string": "^2.0.2" } }, "sha512-Thbli+OlOj+iMPYFBVBfJ3OmCAnaSyNn4M1vz9T6Gka5Jt9ba/HIR56joy65tY6kx/FCF5VXNB819Y7/GUrBGA=="],

    "ansi-escapes": ["ansi-escapes@7.3.0", "", { "dependencies": { "environment": "^1.0.0" } }, "sha512-BvU8nYgGQBxcmMuEeUEmNTvrMVjJNSH7RgW24vXexN4Ven6qCvy4TntnvlnwnMLTVlcRQQdbRY8NKnaIoeWDNg=="],

    "ansi-regex": ["ansi-regex@6.3.0", "", {}, "sha512-WpDfL7NO6j7tH88IDBNVdUJxDh9nmCteAVW9dsep846XdwF4naCBK+/tGLX3KJgcpgMRXCFlTM2hKGoK9FsdrQ=="],

    "ansi-styles": ["ansi-styles@4.3.0", "", { "dependencies": { "color-convert": "^2.0.1" } }, "sha512-zbB9rCJAT1rbjiVDb2hqKFHNYLxgtk8NURxZ3IZwD3F6NtxbXZQCnnSi1Lkx+IDohdPlFp222wVALIheZJQSEg=="],

    "argparse": ["argparse@2.0.1", "", {}, "sha512-8+9WqebbFzpX9OR+Wa6O29asIogeRMzcGtAINdpMHHyAg10f05aSFVBbcEqGf/PXw1EjAZ+q2/bEBg3DvurK3Q=="],

    "astral-regex": ["astral-regex@2.0.0", "", {}, "sha512-Z7tMw1ytTXt5jqMcOP+OQteU1VuNK9Y02uuJtKQ1Sv69jXQKKg5cibLwGJow8yzZP+eAc18EmLGPal0bp36rvQ=="],

    "binaryextensions": ["binaryextensions@6.11.0", "", { "dependencies": { "editions": "^6.21.0" } }, "sha512-sXnYK/Ij80TO3lcqZVV2YgfKN5QjUWIRk/XSm2J/4bd/lPko3lvk0O4ZppH6m+6hB2/GTu+ptNwVFe1xh+QLQw=="],

    "boundary": ["boundary@2.0.0", "", {}, "sha512-rJKn5ooC9u8q13IMCrW0RSp31pxBCHE3y9V/tp3TdWSLf8Em3p6Di4NBpfzbJge9YjjFEsD0RtFEjtvHL5VyEA=="],

    "bundle-name": ["bundle-name@4.1.0", "", { "dependencies": { "run-applescript": "^7.0.0" } }, "sha512-tjwM5exMg6BGRI+kNmTntNsvdZS1X8BFYS6tnJ2hdH0kVxM6/eVZ2xy+FqStSWvYmtfFMDLIxurorHwDKfDz5Q=="],

    "chalk": ["chalk@5.6.2", "", {}, "sha512-7NzBL0rN6fMUW+f7A6Io4h40qQlG+xGmtMxfbnH/K7TAtt8JQWVQK+6g0UXKMeVJoyV5EkkNsErQ8pVD3bLHbA=="],

    "color-convert": ["color-convert@2.0.1", "", { "dependencies": { "color-name": "~1.1.4" } }, "sha512-RRECPsj7iu/xb5oKYcsFHSppFNnsj/52OVTRKb4zP5onXwVF3zVmmToNcOfGC+CRDpfK/U584fMg38ZHCaElKQ=="],

    "color-name": ["color-name@1.1.4", "", {}, "sha512-dOy+3AuW3a2wNbZHIuMZpTcgjGuLU/uBL/ubcZF9OXbDo8ff4O8yVp5Bf0efS8uEoYo5q4Fx7dY9OgQGXgAsQA=="],

    "debug": ["debug@4.4.3", "", { "dependencies": { "ms": "^2.1.3" }, "peerDependencies": { "supports-color": "*" }, "optionalPeers": ["supports-color"] }, "sha512-RGwwWnwQvkVfavKVt22FGLw+xYSdzARwm0ru6DhTVA3umU5hZc28V3kO4stgYryrTlLpuvgI9GiijltAjNbcqA=="],

    "default-browser": ["default-browser@5.5.0", "", { "dependencies": { "bundle-name": "^4.1.0", "default-browser-id": "^5.0.0" } }, "sha512-H9LMLr5zwIbSxrmvikGuI/5KGhZ8E2zH3stkMgM5LpOWDutGM2JZaj460Udnf1a+946zc7YBgrqEWwbk7zHvGw=="],

    "default-browser-id": ["default-browser-id@5.0.1", "", {}, "sha512-x1VCxdX4t+8wVfd1so/9w+vQ4vx7lKd2Qp5tDRutErwmR85OgmfX7RlLRMWafRMY7hbEiXIbudNrjOAPa/hL8Q=="],

    "define-lazy-prop": ["define-lazy-prop@3.0.0", "", {}, "sha512-N+MeXYoqr3pOgn8xfyRPREN7gHakLYjhsHhWGT3fWAiL4IkAt0iDw14QiiEm2bE30c5XX5q0FtAA3CK5f9/BUg=="],

    "editions": ["editions@6.22.0", "", { "dependencies": { "version-range": "^4.15.0" } }, "sha512-UgGlf8IW75je7HZjNDpJdCv4cGJWIi6yumFdZ0R7A8/CIhQiWUjyGLCxdHpd8bmyD1gnkfUNK0oeOXqUS2cpfQ=="],

    "emoji-regex": ["emoji-regex@8.0.0", "", {}, "sha512-MSjYzcWNOA0ewAHpz0MxpYFvwg6yjy1NG3xteoqz644VCo/RPgnr1/GGt+ic3iJTzQ8Eu3TdM14SawnVUmGE6A=="],

    "environment": ["environment@1.1.0", "", {}, "sha512-xUtoPkMggbz0MPyPiIWr1Kp4aeWJjDZ6SMvURhimjdZgsRuDplF5/s9hcgGhyXMhs+6vpnuoiZ2kFiu3FMnS8Q=="],

    "eventsource-parser": ["eventsource-parser@3.1.1", "", {}, "sha512-EKN1vKAMcZ8MlYMpaNuxN6R9yakzH6uajHcHVTqWJzvu5pWw9DyhbP35HH8MVBQ+dZjAfDxk+A8NiR9KWaXiyQ=="],

    "fast-deep-equal": ["fast-deep-equal@3.1.3", "", {}, "sha512-f3qQ9oQy9j2AhBe/H9VC91wLmKBCCU/gDOnKNAYG5hswO7BLKj09Hc5HYNz9cGI++xlpDCIgDaitVs03ATR84Q=="],

    "fast-uri": ["fast-uri@3.1.7", "", {}, "sha512-dOvZVzjdZdz7phd9v6jCbwxrBW3fK6n8Rc0CtdmM4bumzMnxywBYhuph6J819RRw/ku+rLbelwfMunktuzVVHg=="],

    "has-flag": ["has-flag@4.0.0", "", {}, "sha512-EykJT/Q1KjTWctppgIAgfSO0tKVuZUjhgMr17kqTumMl6Afv3EISleU7qZUzoXDFTAHTDC4NOoG/ZxU3EvlMPQ=="],

    "is-docker": ["is-docker@3.0.0", "", { "bin": { "is-docker": "cli.js" } }, "sha512-eljcgEDlEns/7AXFosB5K/2nCM4P7FQPkGc/DWLy5rmFEWvZayGrik1d9/QIY5nJ4f9YsVvBkA6kJpHn9rISdQ=="],

    "is-fullwidth-code-point": ["is-fullwidth-code-point@3.0.0", "", {}, "sha512-zymm5+u+sCsSWyD9qNaejV3DFvhCKclKdizYaJUuHA83RLjb7nSuGnddCHGv0hk+KY7BMAlsWeK4Ueg6EV6XQg=="],

    "is-inside-container": ["is-inside-container@1.0.0", "", { "dependencies": { "is-docker": "^3.0.0" }, "bin": { "is-inside-container": "cli.js" } }, "sha512-KIYLCCJghfHZxqjYBE7rEy0OBuTd5xCHS7tHVgvCLkx7StIoaxwNW3hCALgEUjFfeRk+MG/Qxmp/vtETEF3tRA=="],

    "is-wsl": ["is-wsl@3.1.1", "", { "dependencies": { "is-inside-container": "^1.0.0" } }, "sha512-e6rvdUCiQCAuumZslxRJWR/Doq4VpPR82kqclvcS0efgt430SlGIk05vdCN58+VrzgtIcfNODjozVielycD4Sw=="],

    "istextorbinary": ["istextorbinary@9.5.0", "", { "dependencies": { "binaryextensions": "^6.11.0", "editions": "^6.21.0", "textextensions": "^6.11.0" } }, "sha512-5mbUj3SiZXCuRf9fT3ibzbSSEWiy63gFfksmGfdOzujPjW3k+z8WvIBxcJHBoQNlaZaiyB25deviif2+osLmLw=="],

    "js-yaml": ["js-yaml@4.3.2", "", { "dependencies": { "argparse": "^2.0.1" }, "bin": { "js-yaml": "bin/js-yaml.js" } }, "sha512-SFNOvSJ+Dgf/9An904Yx+CgSlIPCkIpao4qo51lpee25TIRejdH3rhR4EZMGoNx3/TP3O+wzWuiTFl4sqbltzA=="],

    "json-schema": ["json-schema@0.4.0", "", {}, "sha512-es94M3nTIfsEPisRafak+HDLfHXnKBhV3vU5eqPcS3flIWqcxJWgXHXiey3YrpaNsanY5ei1VoYEbOzijuq9BA=="],

    "json-schema-traverse": ["json-schema-traverse@1.0.0", "", {}, "sha512-NM8/P9n3XjXhIZn1lLhkFaACTOURQXjWhV4BA/RnOv8xvgqtqpAX9IO4mRQxSx1Rlo4tqzeqb0sOlruaOy3dug=="],

    "json5": ["json5@2.2.3", "", { "bin": { "json5": "lib/cli.js" } }, "sha512-XmOWe7eyHYH14cLdVPoyg+GOH3rYX++KpzrylJwSW98t3Nk+U8XOl8FWKOgwtzdb8lXGf6zYwDUzeHMWfxasyg=="],

    "lodash": ["lodash@4.18.1", "", {}, "sha512-dMInicTPVE8d1e5otfwmmjlxkZoUpiVLwyeTdUsi/Caj/gfzzblBcCE5sRHV/AsjuCmxWrte2TNGSYuCeCq+0Q=="],

    "lodash.truncate": ["lodash.truncate@4.4.2", "", {}, "sha512-jttmRe7bRse52OsWIMDLaXxWqRAmtIUccAQ3garviCqJjafXOfNMO0yMfNpdD6zbGaTU0P5Nz7e7gAT6cKmJRw=="],

    "ms": ["ms@2.1.3", "", {}, "sha512-6FlzubTLZG3J2a/NVCAleEhjzq5oxgHyaCU9yYXvcLsvoVaHJq/s5xXI6/XXP6tz7R9xAOtHnSO/tXtF3WRTlA=="],

    "open": ["open@10.2.0", "", { "dependencies": { "default-browser": "^5.2.1", "define-lazy-prop": "^3.0.0", "is-inside-container": "^1.0.0", "wsl-utils": "^0.1.0" } }, "sha512-YgBpdJHPyQ2UE5x+hlSXcnejzAvD0b22U2OuAP+8OnlJT+PjWPxtgmGqKKc+RgTM63U9gN0YzrYc71R2WT/hTA=="],

    "p-map": ["p-map@7.0.7", "", {}, "sha512-VaWRu2i4FJNRtiRWCuuQRgfQ1B7a6+gMSrO+3j0EQi/k0ULfS9kosRxGoiqwzIjZTDI02tGfk5mXXltLg6QtfQ=="],

    "package-manager-detector": ["package-manager-detector@1.8.0", "", {}, "sha512-yQA4H19AmPEoMUeavPMDIe1higySl/gH/yaQrkT/s07Qp+7pp2hYz30N3z2l5BkjVkF9Ow6o0wjJamm2y7Sn0A=="],

    "pluralize": ["pluralize@8.0.0", "", {}, "sha512-Nc3IT5yHzflTfbjgqWcCPpo7DaKy4FnpB0l/zCAW0Tc7jxAiuqSxHasntB3D7887LSrA93kDJ9IXovxJYxyLCA=="],

    "rc-config-loader": ["rc-config-loader@4.1.4", "", { "dependencies": { "debug": "^4.4.3", "js-yaml": "^4.1.1", "json5": "^2.2.3", "require-from-string": "^2.0.2" } }, "sha512-3GiwEzklkbXTDp52UR5nT8iXgYAx1V9ZG/kDZT7p60u2GCv2XTwQq4NzinMoMpNtXhmt3WkhYXcj6HH8HdwCEQ=="],

    "require-from-string": ["require-from-string@2.0.2", "", {}, "sha512-Xf0nWe6RseziFMu+Ap9biiUbmplq6S9/p+7w7YXP/JBHhrUDDUhwa+vANyubuqfZWTveU//DYVGsDG7RKL/vEw=="],

    "run-applescript": ["run-applescript@7.1.0", "", {}, "sha512-DPe5pVFaAsinSaV6QjQ6gdiedWDcRCbUuiQfQa2wmWV7+xC9bGulGI8+TdRmoFkAPaBXk8CrAbnlY2ISniJ47Q=="],

    "slice-ansi": ["slice-ansi@4.0.0", "", { "dependencies": { "ansi-styles": "^4.0.0", "astral-regex": "^2.0.0", "is-fullwidth-code-point": "^3.0.0" } }, "sha512-qMCMfhY040cVHT43K9BFygqYbUPFZKHOg7K73mtTWJRb8pyP3fzf4Ixd5SzdEJQ6MRUg/WBnOLxghZtKKurENQ=="],

    "string-width": ["string-width@4.2.3", "", { "dependencies": { "emoji-regex": "^8.0.0", "is-fullwidth-code-point": "^3.0.0", "strip-ansi": "^6.0.1" } }, "sha512-wKyQRQpjJ0sIp62ErSZdGsjMJWsap5oRNihHhu6G7JVO/9jIB6UyevL+tXuOqrng8j/cxKTWyWUwvSTriiZz/g=="],

    "strip-ansi": ["strip-ansi@7.2.0", "", { "dependencies": { "ansi-regex": "^6.2.2" } }, "sha512-yDPMNjp4WyfYBkHnjIRLfca1i6KMyGCtsVgoKe/z1+6vukgaENdgGBZt+ZmKPc4gavvEZ5OgHfHdrazhgNyG7w=="],

    "structured-source": ["structured-source@4.0.0", "", { "dependencies": { "boundary": "^2.0.0" } }, "sha512-qGzRFNJDjFieQkl/sVOI2dUjHKRyL9dAJi2gCPGJLbJHBIkyOHxjuocpIEfbLioX+qSJpvbYdT49/YCdMznKxA=="],

    "supports-color": ["supports-color@7.2.0", "", { "dependencies": { "has-flag": "^4.0.0" } }, "sha512-qpCAvRl9stuOHveKsn7HncJRvv501qIacKzQlO/+Lwxc9+0q2wLyv4Dfvt80/DPn2pqOBsJdDiogXGR9+OvwRw=="],

    "supports-hyperlinks": ["supports-hyperlinks@3.2.0", "", { "dependencies": { "has-flag": "^4.0.0", "supports-color": "^7.0.0" } }, "sha512-zFObLMyZeEwzAoKCyu1B91U79K2t7ApXuQfo8OuxwXLDgcKxuwM+YvcbIhm6QWqz7mHUH1TVytR1PwVVjEuMig=="],

    "table": ["table@6.9.0", "", { "dependencies": { "ajv": "^8.0.1", "lodash.truncate": "^4.4.2", "slice-ansi": "^4.0.0", "string-width": "^4.2.3", "strip-ansi": "^6.0.1" } }, "sha512-9kY+CygyYM6j02t5YFHbNz2FN5QmYGv9zAjVp4lCDjlCw7amdckXlEt/bjMhUIfj4ThGRE4gCUH5+yGnNuPo5A=="],

    "terminal-link": ["terminal-link@4.0.0", "", { "dependencies": { "ansi-escapes": "^7.0.0", "supports-hyperlinks": "^3.2.0" } }, "sha512-lk+vH+MccxNqgVqSnkMVKx4VLJfnLjDBGzH16JVZjKE2DoxP57s6/vt6JmXV5I3jBcfGrxNrYtC+mPtU7WJztA=="],

    "text-table": ["text-table@0.2.0", "", {}, "sha512-N+8UisAXDGk8PFXP4HAzVR9nbfmVJ3zYLAWiTIoqC5v5isinhr+r5uaO8+7r3BMfuNIufIsA7RdpVgacC2cSpw=="],

    "textextensions": ["textextensions@6.11.0", "", { "dependencies": { "editions": "^6.21.0" } }, "sha512-tXJwSr9355kFJI3lbCkPpUH5cP8/M0GGy2xLO34aZCjMXBaK3SoPnZwr/oWmo1FdCnELcs4npdCIOFtq9W3ruQ=="],

    "undici": ["undici@7.29.1", "", {}, "sha512-RYONW2MeafgYlkVOKYKkA/Ag7BmXqgIWCa8t1m0JcxrQg9pI9lEqRhAOruOBCbAohOa/gkCF+iPi9hrgvTzu6Q=="],

    "version-range": ["version-range@4.15.0", "", {}, "sha512-Ck0EJbAGxHwprkzFO966t4/5QkRuzh+/I1RxhLgUKKwEn+Cd8NwM60mE3AqBZg5gYODoXW0EFsQvbZjRlvdqbg=="],

    "wsl-utils": ["wsl-utils@0.1.0", "", { "dependencies": { "is-wsl": "^3.1.0" } }, "sha512-h3Fbisa2nKGPxCpm89Hk33lBLsnaGBvctQopaBSOW/uIs6FTe1ATyAnKFJrzVs9vpGdsTe73WF3V4lIsk4Gacw=="],

    "zenn-cli": ["zenn-cli@0.5.4", "", { "dependencies": { "@ai-sdk/fireworks": "^3.0.23", "@ai-sdk/openai": "^4.0.28", "@secretlint/node": "^11.3.1", "@secretlint/secretlint-rule-preset-recommend": "^11.3.1", "ai": "^7.0.50", "open": "^10.2.0", "package-manager-detector": "^1.6.0", "zod": "^4.4.3" }, "bin": { "zenn": "dist/server/zenn.js" } }, "sha512-YqoGZa7xhJ0Wx9ZomPBuVeKhnbkb5HYHtnzEg0xP2L1U43hUMwi0xRWjO5+zIlq8yBlumkMo5WfhT5BStL3zAQ=="],

    "zod": ["zod@4.5.4", "", {}, "sha512-sC95tT5iHHH9gtpj6A81kh+NEaRAUFN+qlUPDUbRfOMvNf5QCBqsb3WgvnpVtK5Y+4UfA6KqufotuTvMGiTlsA=="],

    "@textlint/linter-formatter/pluralize": ["pluralize@2.0.0", "", {}, "sha512-TqNZzQCD4S42De9IfnnBvILN7HAW7riLqsCyp8lgjXeysyPlX5HhqKAcJHHHb9XskE4/a+7VGC9zzx8Ls0jOAw=="],

    "@textlint/linter-formatter/strip-ansi": ["strip-ansi@6.0.1", "", { "dependencies": { "ansi-regex": "^5.0.1" } }, "sha512-Y38VPSHcqkFrCpFnQ9vuSXmquuv5oXOKpGeT6aGrr3o3Gc9AlVa6JBfUSOCnbxGGZF+/0ooI7KrPuUSztUdU5A=="],

    "string-width/strip-ansi": ["strip-ansi@6.0.1", "", { "dependencies": { "ansi-regex": "^5.0.1" } }, "sha512-Y38VPSHcqkFrCpFnQ9vuSXmquuv5oXOKpGeT6aGrr3o3Gc9AlVa6JBfUSOCnbxGGZF+/0ooI7KrPuUSztUdU5A=="],

    "table/strip-ansi": ["strip-ansi@6.0.1", "", { "dependencies": { "ansi-regex": "^5.0.1" } }, "sha512-Y38VPSHcqkFrCpFnQ9vuSXmquuv5oXOKpGeT6aGrr3o3Gc9AlVa6JBfUSOCnbxGGZF+/0ooI7KrPuUSztUdU5A=="],

    "@textlint/linter-formatter/strip-ansi/ansi-regex": ["ansi-regex@5.0.1", "", {}, "sha512-quJQXlTSUGL2LH9SUXo8VwsY4soanhgo6LNSm84E1LBcE8s3O0wpdiRzyR9z/ZZJMlMWv37qOOb9pdJlMUEKFQ=="],

    "string-width/strip-ansi/ansi-regex": ["ansi-regex@5.0.1", "", {}, "sha512-quJQXlTSUGL2LH9SUXo8VwsY4soanhgo6LNSm84E1LBcE8s3O0wpdiRzyR9z/ZZJMlMWv37qOOb9pdJlMUEKFQ=="],

    "table/strip-ansi/ansi-regex": ["ansi-regex@5.0.1", "", {}, "sha512-quJQXlTSUGL2LH9SUXo8VwsY4soanhgo6LNSm84E1LBcE8s3O0wpdiRzyR9z/ZZJMlMWv37qOOb9pdJlMUEKFQ=="],
  }
}
