{
  "name": "sanic-book",
  "version": "1.0.0",
  "lockfileVersion": 2,
  "requires": true,
  "packages": {
    "": {
      "name": "sanic-book",
      "version": "1.0.0",
      "license": "ISC",
      "dependencies": {
        "zenn-cli": "^0.1.136"
      }
    },
    "node_modules/zenn-cli": {
      "version": "0.1.136",
      "resolved": "https://registry.npmjs.org/zenn-cli/-/zenn-cli-0.1.136.tgz",
      "integrity": "sha512-61itdavSHmqNZK/W4rPY6pKBAdPnBF72FrXh5BSPbEF50QnffKHntk32SaGGnPD94g3oNdeznqqT6lEcfHj1jQ==",
      "bin": {
        "zenn": "dist/server/zenn.js"
      },
      "engines": {
        "node": ">=14.0.0"
      }
    }
  },
  "dependencies": {
    "zenn-cli": {
      "version": "0.1.136",
      "resolved": "https://registry.npmjs.org/zenn-cli/-/zenn-cli-0.1.136.tgz",
      "integrity": "sha512-61itdavSHmqNZK/W4rPY6pKBAdPnBF72FrXh5BSPbEF50QnffKHntk32SaGGnPD94g3oNdeznqqT6lEcfHj1jQ=="
    }
  }
}
