{
  "name": "sanic-book",
  "version": "1.0.0",
  "lockfileVersion": 2,
  "requires": true,
  "packages": {
    "": {
      "name": "sanic-book",
      "version": "1.0.0",
      "license": "ISC",
      "dependencies": {
        "zenn-cli": "^0.1.126"
      }
    },
    "node_modules/zenn-cli": {
      "version": "0.1.126",
      "resolved": "https://registry.npmjs.org/zenn-cli/-/zenn-cli-0.1.126.tgz",
      "integrity": "sha512-Qmi9fUiEiuatL+BDRNZ1TckR8GTXy8FXvIYYd+eNuVxNd/7TykEVA1b4O3JNlxhBiCuIcNO5pKzDRhP+peTPGQ==",
      "bin": {
        "zenn": "dist/server/zenn.js"
      },
      "engines": {
        "node": ">=14.0.0"
      }
    }
  },
  "dependencies": {
    "zenn-cli": {
      "version": "0.1.126",
      "resolved": "https://registry.npmjs.org/zenn-cli/-/zenn-cli-0.1.126.tgz",
      "integrity": "sha512-Qmi9fUiEiuatL+BDRNZ1TckR8GTXy8FXvIYYd+eNuVxNd/7TykEVA1b4O3JNlxhBiCuIcNO5pKzDRhP+peTPGQ=="
    }
  }
}
