{
  "name": "sanic-book",
  "version": "1.0.0",
  "lockfileVersion": 2,
  "requires": true,
  "packages": {
    "": {
      "name": "sanic-book",
      "version": "1.0.0",
      "license": "ISC",
      "dependencies": {
        "zenn-cli": "^0.1.129"
      }
    },
    "node_modules/zenn-cli": {
      "version": "0.1.129",
      "resolved": "https://registry.npmjs.org/zenn-cli/-/zenn-cli-0.1.129.tgz",
      "integrity": "sha512-aXSI/vux4KmkykRCOzKhLMmZXpKriSynSmuR1WNKJLttOSa7C4KfD8C+0KXx1ooGfDTW1l07TEP/e1aULadZnA==",
      "bin": {
        "zenn": "dist/server/zenn.js"
      },
      "engines": {
        "node": ">=14.0.0"
      }
    }
  },
  "dependencies": {
    "zenn-cli": {
      "version": "0.1.129",
      "resolved": "https://registry.npmjs.org/zenn-cli/-/zenn-cli-0.1.129.tgz",
      "integrity": "sha512-aXSI/vux4KmkykRCOzKhLMmZXpKriSynSmuR1WNKJLttOSa7C4KfD8C+0KXx1ooGfDTW1l07TEP/e1aULadZnA=="
    }
  }
}
