lockfileVersion: '9.0'

settings:
  autoInstallPeers: true
  excludeLinksFromLockfile: false

importers:

  .:
    dependencies:
      zenn-cli:
        specifier: ^0.1.156
        version: 0.1.156

packages:

  zenn-cli@0.1.156:
    resolution: {integrity: sha512-3BU4PCl3xKxKIa0gtXRQqI037eIbCuQQGpV/jpA5WO8v5SeC32hPftyPrlqiiJJx9ORjNUA6I5XcFmgdEyi8dQ==}
    engines: {node: '>=14.0.0'}
    hasBin: true

snapshots:

  zenn-cli@0.1.156: {}
