lockfileVersion: '9.0'

settings:
  autoInstallPeers: true
  excludeLinksFromLockfile: false

importers:

  .:
    dependencies:
      zenn-cli:
        specifier: ^0.1.155
        version: 0.1.155

packages:

  zenn-cli@0.1.155:
    resolution: {integrity: sha512-PqxeLWVrqSrGGPaMiNM5myJcbmXHh/Ur6EhzLkezrDZa5uJe1jfD6COVEnCtRf86Y5P0qy5bejXifSTNdDmqOA==}
    engines: {node: '>=14.0.0'}
    hasBin: true

snapshots:

  zenn-cli@0.1.155: {}
