lockfileVersion: '9.0'

settings:
  autoInstallPeers: true
  excludeLinksFromLockfile: false

importers:

  .:
    dependencies:
      zenn-cli:
        specifier: ^0.1.161
        version: 0.1.161

packages:

  zenn-cli@0.1.161:
    resolution: {integrity: sha512-PVdw0zj2GwtAaYbrvN/a5C2IHIzRhAu24AYkw16r344O8FYt/29v0pnGNQFKVfZdSZlgcl5HnH7jQWmlOVdXPw==}
    engines: {node: '>=14.0.0'}
    hasBin: true

snapshots:

  zenn-cli@0.1.161: {}
